// !$*UTF8*$!
{
	archiveVersion = 1;
	classes = {
	};
	objectVersion = 50;
	objects = {

/* Begin PBXBuildFile section */
		85315472222D0F63009E522A /* AppDelegate.swift in Sources */ = {isa = PBXBuildFile; fileRef = 85315471222D0F63009E522A /* AppDelegate.swift */; };
		85315474222D0F63009E522A /* ConcentrationViewController.swift in Sources */ = {isa = PBXBuildFile; fileRef = 85315473222D0F63009E522A /* ConcentrationViewController.swift */; };
		85315477222D0F63009E522A /* Main.storyboard in Resources */ = {isa = PBXBuildFile; fileRef = 85315475222D0F63009E522A /* Main.storyboard */; };
		8531547A222D0F63009E522A /* Concentration.xcdatamodeld in Sources */ = {isa = PBXBuildFile; fileRef = 85315478222D0F63009E522A /* Concentration.xcdatamodeld */; };
		8531547C222D0F66009E522A /* Assets.xcassets in Resources */ = {isa = PBXBuildFile; fileRef = 8531547B222D0F66009E522A /* Assets.xcassets */; };
		8531547F222D0F66009E522A /* LaunchScreen.storyboard in Resources */ = {isa = PBXBuildFile; fileRef = 8531547D222D0F66009E522A /* LaunchScreen.storyboard */; };
		85315487222D2562009E522A /* Concentration.swift in Sources */ = {isa = PBXBuildFile; fileRef = 85315486222D2562009E522A /* Concentration.swift */; };
		85315489222D261A009E522A /* Card.swift in Sources */ = {isa = PBXBuildFile; fileRef = 85315488222D261A009E522A /* Card.swift */; };
		8531548B222D48D2009E522A /* Theme.swift in Sources */ = {isa = PBXBuildFile; fileRef = 8531548A222D48D2009E522A /* Theme.swift */; };
		856F30542236426700AC8C77 /* ConcentrationThemeChooserViewController.swift in Sources */ = {isa = PBXBuildFile; fileRef = 856F30532236426700AC8C77 /* ConcentrationThemeChooserViewController.swift */; };
/* End PBXBuildFile section */

/* Begin PBXFileReference section */
		8531546E222D0F63009E522A /* Concentration.app */ = {isa = PBXFileReference; explicitFileType = wrapper.application; includeInIndex = 0; path = Concentration.app; sourceTree = BUILT_PRODUCTS_DIR; };
		85315471222D0F63009E522A /* AppDelegate.swift */ = {isa = PBXFileReference; lastKnownFileType = sourcecode.swift; path = AppDelegate.swift; sourceTree = "<group>"; };
		85315473222D0F63009E522A /* ConcentrationViewController.swift */ = {isa = PBXFileReference; lastKnownFileType = sourcecode.swift; path = ConcentrationViewController.swift; sourceTree = "<group>"; };
		85315476222D0F63009E522A /* Base */ = {isa = PBXFileReference; lastKnownFileType = file.storyboard; name = Base; path = Base.lproj/Main.storyboard; sourceTree = "<group>"; };
		85315479222D0F63009E522A /* Concentration.xcdatamodel */ = {isa = PBXFileReference; lastKnownFileType = wrapper.xcdatamodel; path = Concentration.xcdatamodel; sourceTree = "<group>"; };
		8531547B222D0F66009E522A /* Assets.xcassets */ = {isa = PBXFileReference; lastKnownFileType = folder.assetcatalog; path = Assets.xcassets; sourceTree = "<group>"; };
		8531547E222D0F66009E522A /* Base */ = {isa = PBXFileReference; lastKnownFileType = file.storyboard; name = Base; path = Base.lproj/LaunchScreen.storyboard; sourceTree = "<group>"; };
		85315480222D0F66009E522A /* Info.plist */ = {isa = PBXFileReference; lastKnownFileType = text.plist.xml; path = Info.plist; sourceTree = "<group>"; };
		85315486222D2562009E522A /* Concentration.swift */ = {isa = PBXFileReference; lastKnownFileType = sourcecode.swift; path = Concentration.swift; sourceTree = "<group>"; };
		85315488222D261A009E522A /* Card.swift */ = {isa = PBXFileReference; lastKnownFileType = sourcecode.swift; path = Card.swift; sourceTree = "<group>"; };
		8531548A222D48D2009E522A /* Theme.swift */ = {isa = PBXFileReference; lastKnownFileType = sourcecode.swift; path = Theme.swift; sourceTree = "<group>"; };
		856F30532236426700AC8C77 /* ConcentrationThemeChooserViewController.swift */ = {isa = PBXFileReference; lastKnownFileType = sourcecode.swift; path = ConcentrationThemeChooserViewController.swift; sourceTree = "<group>"; };
/* End PBXFileReference section */

/* Begin PBXFrameworksBuildPhase section */
		8531546B222D0F63009E522A /* Frameworks */ = {
			isa = PBXFrameworksBuildPhase;
			buildActionMask = 2147483647;
			files = (
			);
			runOnlyForDeploymentPostprocessing = 0;
		};
/* End PBXFrameworksBuildPhase section */

/* Begin PBXGroup section */
		85315465222D0F63009E522A = {
			isa = PBXGroup;
			children = (
				85315470222D0F63009E522A /* Concentration */,
				8531546F222D0F63009E522A /* Products */,
			);
			sourceTree = "<group>";
		};
		8531546F222D0F63009E522A /* Products */ = {
			isa = PBXGroup;
			children = (
				8531546E222D0F63009E522A /* Concentration.app */,
			);
			name = Products;
			sourceTree = "<group>";
		};
		85315470222D0F63009E522A /* Concentration */ = {
			isa = PBXGroup;
			children = (
				8531548F222D60DF009E522A /* Controller */,
				8531548E222D60D6009E522A /* View */,
				8531548C222D60CB009E522A /* Model */,
				8531547D222D0F66009E522A /* LaunchScreen.storyboard */,
				85315480222D0F66009E522A /* Info.plist */,
				85315478222D0F63009E522A /* Concentration.xcdatamodeld */,
			);
			path = Concentration;
			sourceTree = "<group>";
		};
		8531548C222D60CB009E522A /* Model */ = {
			isa = PBXGroup;
			children = (
				8531548A222D48D2009E522A /* Theme.swift */,
				85315488222D261A009E522A /* Card.swift */,
				85315486222D2562009E522A /* Concentration.swift */,
			);
			path = Model;
			sourceTree = "<group>";
		};
		8531548E222D60D6009E522A /* View */ = {
			isa = PBXGroup;
			children = (
				8531547B222D0F66009E522A /* Assets.xcassets */,
				85315475222D0F63009E522A /* Main.storyboard */,
			);
			path = View;
			sourceTree = "<group>";
		};
		8531548F222D60DF009E522A /* Controller */ = {
			isa = PBXGroup;
			children = (
				85315471222D0F63009E522A /* AppDelegate.swift */,
				85315473222D0F63009E522A /* ConcentrationViewController.swift */,
				856F30532236426700AC8C77 /* ConcentrationThemeChooserViewController.swift */,
			);
			path = Controller;
			sourceTree = "<group>";
		};
/* End PBXGroup section */

/* Begin PBXNativeTarget section */
		8531546D222D0F63009E522A /* Concentration */ = {
			isa = PBXNativeTarget;
			buildConfigurationList = 85315483222D0F66009E522A /* Build configuration list for PBXNativeTarget "Concentration" */;
			buildPhases = (
				8531546A222D0F63009E522A /* Sources */,
				8531546B222D0F63009E522A /* Frameworks */,
				8531546C222D0F63009E522A /* Resources */,
			);
			buildRules = (
			);
			dependencies = (
			);
			name = Concentration;
			productName = Concentration;
			productReference = 8531546E222D0F63009E522A /* Concentration.app */;
			productType = "com.apple.product-type.application";
		};
/* End PBXNativeTarget section */

/* Begin PBXProject section */
		85315466222D0F63009E522A /* Project object */ = {
			isa = PBXProject;
			attributes = {
				LastSwiftUpdateCheck = 1010;
				LastUpgradeCheck = 1010;
				ORGANIZATIONNAME = "Stanislav Kozlov";
				TargetAttributes = {
					8531546D222D0F63009E522A = {
						CreatedOnToolsVersion = 10.1;
					};
				};
			};
			buildConfigurationList = 85315469222D0F63009E522A /* Build configuration list for PBXProject "Concentration" */;
			compatibilityVersion = "Xcode 9.3";
			developmentRegion = en;
			hasScannedForEncodings = 0;
			knownRegions = (
				en,
				Base,
			);
			mainGroup = 85315465222D0F63009E522A;
			productRefGroup = 8531546F222D0F63009E522A /* Products */;
			projectDirPath = "";
			projectRoot = "";
			targets = (
				8531546D222D0F63009E522A /* Concentration */,
			);
		};
/* End PBXProject section */

/* Begin PBXResourcesBuildPhase section */
		8531546C222D0F63009E522A /* Resources */ = {
			isa = PBXResourcesBuildPhase;
			buildActionMask = 2147483647;
			files = (
				8531547F222D0F66009E522A /* LaunchScreen.storyboard in Resources */,
				8531547C222D0F66009E522A /* Assets.xcassets in Resources */,
				85315477222D0F63009E522A /* Main.storyboard in Resources */,
			);
			runOnlyForDeploymentPostprocessing = 0;
		};
/* End PBXResourcesBuildPhase section */

/* Begin PBXSourcesBuildPhase section */
		8531546A222D0F63009E522A /* Sources */ = {
			isa = PBXSourcesBuildPhase;
			buildActionMask = 2147483647;
			files = (
				85315474222D0F63009E522A /* ConcentrationViewController.swift in Sources */,
				85315487222D2562009E522A /* Concentration.swift in Sources */,
				856F30542236426700AC8C77 /* ConcentrationThemeChooserViewController.swift in Sources */,
				85315489222D261A009E522A /* Card.swift in Sources */,
				8531548B222D48D2009E522A /* Theme.swift in Sources */,
				8531547A222D0F63009E522A /* Concentration.xcdatamodeld in Sources */,
				85315472222D0F63009E522A /* AppDelegate.swift in Sources */,
			);
			runOnlyForDeploymentPostprocessing = 0;
		};
/* End PBXSourcesBuildPhase section */

/* Begin PBXVariantGroup section */
		85315475222D0F63009E522A /* Main.storyboard */ = {
			isa = PBXVariantGroup;
			children = (
				85315476222D0F63009E522A /* Base */,
			);
			name = Main.storyboard;
			sourceTree = "<group>";
		};
		8531547D222D0F66009E522A /* LaunchScreen.storyboard */ = {
			isa = PBXVariantGroup;
			children = (
				8531547E222D0F66009E522A /* Base */,
			);
			name = LaunchScreen.storyboard;
			sourceTree = "<group>";
		};
/* End PBXVariantGroup section */

/* Begin XCBuildConfiguration section */
		85315481222D0F66009E522A /* Debug */ = {
			isa = XCBuildConfiguration;
			buildSettings = {
				ALWAYS_SEARCH_USER_PATHS = NO;
				CLANG_ANALYZER_NONNULL = YES;
				CLANG_ANALYZER_NUMBER_OBJECT_CONVERSION = YES_AGGRESSIVE;
				CLANG_CXX_LANGUAGE_STANDARD = "gnu++14";
				CLANG_CXX_LIBRARY = "libc++";
				CLANG_ENABLE_MODULES = YES;
				CLANG_ENABLE_OBJC_ARC = YES;
				CLANG_ENABLE_OBJC_WEAK = YES;
				CLANG_WARN_BLOCK_CAPTURE_AUTORELEASING = YES;
				CLANG_WARN_BOOL_CONVERSION = YES;
				CLANG_WARN_COMMA = YES;
				CLANG_WARN_CONSTANT_CONVERSION = YES;
				CLANG_WARN_DEPRECATED_OBJC_IMPLEMENTATIONS = YES;
				CLANG_WARN_DIRECT_OBJC_ISA_USAGE = YES_ERROR;
				CLANG_WARN_DOCUMENTATION_COMMENTS = YES;
				CLANG_WARN_EMPTY_BODY = YES;
				CLANG_WARN_ENUM_CONVERSION = YES;
				CLANG_WARN_INFINITE_RECURSION = YES;
				CLANG_WARN_INT_CONVERSION = YES;
				CLANG_WARN_NON_LITERAL_NULL_CONVERSION = YES;
				CLANG_WARN_OBJC_IMPLICIT_RETAIN_SELF = YES;
				CLANG_WARN_OBJC_LITERAL_CONVERSION = YES;
				CLANG_WARN_OBJC_ROOT_CLASS = YES_ERROR;
				CLANG_WARN_RANGE_LOOP_ANALYSIS = YES;
				CLANG_WARN_STRICT_PROTOTYPES = YES;
				CLANG_WARN_SUSPICIOUS_MOVE = YES;
				CLANG_WARN_UNGUARDED_AVAILABILITY = YES_AGGRESSIVE;
				CLANG_WARN_UNREACHABLE_CODE = YES;
				CLANG_WARN__DUPLICATE_METHOD_MATCH = YES;
				CODE_SIGN_IDENTITY = "iPhone Developer";
				COPY_PHASE_STRIP = NO;
				DEBUG_INFORMATION_FORMAT = dwarf;
				ENABLE_STRICT_OBJC_MSGSEND = YES;
				ENABLE_TESTABILITY = YES;
				GCC_C_LANGUAGE_STANDARD = gnu11;
				GCC_DYNAMIC_NO_PIC = NO;
				GCC_NO_COMMON_BLOCKS = YES;
				GCC_OPTIMIZATION_LEVEL = 0;
				GCC_PREPROCESSOR_DEFINITIONS = (
					"DEBUG=1",
					"$(inherited)",
				);
				GCC_WARN_64_TO_32_BIT_CONVERSION = YES;
				GCC_WARN_ABOUT_RETURN_TYPE = YES_ERROR;
				GCC_WARN_UNDECLARED_SELECTOR = YES;
				GCC_WARN_UNINITIALIZED_AUTOS = YES_AGGRESSIVE;
				GCC_WARN_UNUSED_FUNCTION = YES;
				GCC_WARN_UNUSED_VARIABLE = YES;
				IPHONEOS_DEPLOYMENT_TARGET = 12.1;
				MTL_ENABLE_DEBUG_INFO = INCLUDE_SOURCE;
				MTL_FAST_MATH = YES;
				ONLY_ACTIVE_ARCH = YES;
				SDKROOT = iphoneos;
				SWIFT_ACTIVE_COMPILATION_CONDITIONS = DEBUG;
				SWIFT_OPTIMIZATION_LEVEL = "-Onone";
			};
			name = Debug;
		};
		85315482222D0F66009E522A /* Release */ = {
			isa = XCBuildConfiguration;
			buildSettings = {
				ALWAYS_SEARCH_USER_PATHS = NO;
				CLANG_ANALYZER_NONNULL = YES;
				CLANG_ANALYZER_NUMBER_OBJECT_CONVERSION = YES_AGGRESSIVE;
				CLANG_CXX_LANGUAGE_STANDARD = "gnu++14";
				CLANG_CXX_LIBRARY = "libc++";
				CLANG_ENABLE_MODULES = YES;
				CLANG_ENABLE_OBJC_ARC = YES;
				CLANG_ENABLE_OBJC_WEAK = YES;
				CLANG_WARN_BLOCK_CAPTURE_AUTORELEASING = YES;
				CLANG_WARN_BOOL_CONVERSION = YES;
				CLANG_WARN_COMMA = YES;
				CLANG_WARN_CONSTANT_CONVERSION = YES;
				CLANG_WARN_DEPRECATED_OBJC_IMPLEMENTATIONS = YES;
				CLANG_WARN_DIRECT_OBJC_ISA_USAGE = YES_ERROR;
				CLANG_WARN_DOCUMENTATION_COMMENTS = YES;
				CLANG_WARN_EMPTY_BODY = YES;
				CLANG_WARN_ENUM_CONVERSION = YES;
				CLANG_WARN_INFINITE_RECURSION = YES;
				CLANG_WARN_INT_CONVERSION = YES;
				CLANG_WARN_NON_LITERAL_NULL_CONVERSION = YES;
				CLANG_WARN_OBJC_IMPLICIT_RETAIN_SELF = YES;
				CLANG_WARN_OBJC_LITERAL_CONVERSION = YES;
				CLANG_WARN_OBJC_ROOT_CLASS = YES_ERROR;
				CLANG_WARN_RANGE_LOOP_ANALYSIS = YES;
				CLANG_WARN_STRICT_PROTOTYPES = YES;
				CLANG_WARN_SUSPICIOUS_MOVE = YES;
				CLANG_WARN_UNGUARDED_AVAILABILITY = YES_AGGRESSIVE;
				CLANG_WARN_UNREACHABLE_CODE = YES;
				CLANG_WARN__DUPLICATE_METHOD_MATCH = YES;
				CODE_SIGN_IDENTITY = "iPhone Developer";
				COPY_PHASE_STRIP = NO;
				DEBUG_INFORMATION_FORMAT = "dwarf-with-dsym";
				ENABLE_NS_ASSERTIONS = NO;
				ENABLE_STRICT_OBJC_MSGSEND = YES;
				GCC_C_LANGUAGE_STANDARD = gnu11;
				GCC_NO_COMMON_BLOCKS = YES;
				GCC_WARN_64_TO_32_BIT_CONVERSION = YES;
				GCC_WARN_ABOUT_RETURN_TYPE = YES_ERROR;
				GCC_WARN_UNDECLARED_SELECTOR = YES;
				GCC_WARN_UNINITIALIZED_AUTOS = YES_AGGRESSIVE;
				GCC_WARN_UNUSED_FUNCTION = YES;
				GCC_WARN_UNUSED_VARIABLE = YES;
				IPHONEOS_DEPLOYMENT_TARGET = 12.1;
				MTL_ENABLE_DEBUG_INFO = NO;
				MTL_FAST_MATH = YES;
				SDKROOT = iphoneos;
				SWIFT_COMPILATION_MODE = wholemodule;
				SWIFT_OPTIMIZATION_LEVEL = "-O";
				VALIDATE_PRODUCT = YES;
			};
			name = Release;
		};
		85315484222D0F66009E522A /* Debug */ = {
			isa = XCBuildConfiguration;
			buildSettings = {
				ASSETCATALOG_COMPILER_APPICON_NAME = AppIcon;
				CODE_SIGN_STYLE = Automatic;
				DEVELOPMENT_TEAM = M7X82K2M45;
				INFOPLIST_FILE = Concentration/Info.plist;
				LD_RUNPATH_SEARCH_PATHS = (
					"$(inherited)",
					"@executable_path/Frameworks",
				);
				PRODUCT_BUNDLE_IDENTIFIER = com.bleymy.Concentration;
				PRODUCT_NAME = "$(TARGET_NAME)";
				SWIFT_VERSION = 4.2;
				TARGETED_DEVICE_FAMILY = "1,2";
			};
			name = Debug;
		};
		85315485222D0F66009E522A /* Release */ = {
			isa = XCBuildConfiguration;
			buildSettings = {
				ASSETCATALOG_COMPILER_APPICON_NAME = AppIcon;
				CODE_SIGN_STYLE = Automatic;
				DEVELOPMENT_TEAM = M7X82K2M45;
				INFOPLIST_FILE = Concentration/Info.plist;
				LD_RUNPATH_SEARCH_PATHS = (
					"$(inherited)",
					"@executable_path/Frameworks",
				);
				PRODUCT_BUNDLE_IDENTIFIER = com.bleymy.Concentration;
				PRODUCT_NAME = "$(TARGET_NAME)";
				SWIFT_VERSION = 4.2;
				TARGETED_DEVICE_FAMILY = "1,2";
			};
			name = Release;
		};
/* End XCBuildConfiguration section */

/* Begin XCConfigurationList section */
		85315469222D0F63009E522A /* Build configuration list for PBXProject "Concentration" */ = {
			isa = XCConfigurationList;
			buildConfigurations = (
				85315481222D0F66009E522A /* Debug */,
				85315482222D0F66009E522A /* Release */,
			);
			defaultConfigurationIsVisible = 0;
			defaultConfigurationName = Release;
		};
		85315483222D0F66009E522A /* Build configuration list for PBXNativeTarget "Concentration" */ = {
			isa = XCConfigurationList;
			buildConfigurations = (
				85315484222D0F66009E522A /* Debug */,
				85315485222D0F66009E522A /* Release */,
			);
			defaultConfigurationIsVisible = 0;
			defaultConfigurationName = Release;
		};
/* End XCConfigurationList section */

/* Begin XCVersionGroup section */
		85315478222D0F63009E522A /* Concentration.xcdatamodeld */ = {
			isa = XCVersionGroup;
			children = (
				85315479222D0F63009E522A /* Concentration.xcdatamodel */,
			);
			currentVersion = 85315479222D0F63009E522A /* Concentration.xcdatamodel */;
			path = Concentration.xcdatamodeld;
			sourceTree = "<group>";
			versionGroupType = wrapper.xcdatamodel;
		};
/* End XCVersionGroup section */
	};
	rootObject = 85315466222D0F63009E522A /* Project object */;
}
